// !$*UTF8*$!
{
	archiveVersion = 1;
	classes = {
	};
	objectVersion = 50;
	objects = {

/* Begin PBXBuildFile section */
		099E824A87B28C1C0CFCC6E2 /* Pods_MayTermAppUITests.framework in Frameworks */ = {isa = PBXBuildFile; fileRef = 95B0FE00ACEE540AC2F08489 /* Pods_MayTermAppUITests.framework */; };
		275B0093032F744B252FD676 /* Pods_MayTermApp.framework in Frameworks */ = {isa = PBXBuildFile; fileRef = 2DD267848925D0A02B07505C /* Pods_MayTermApp.framework */; };
		E523FEE420BEFCE80022D6CA /* AppDelegate.swift in Sources */ = {isa = PBXBuildFile; fileRef = E523FEE320BEFCE80022D6CA /* AppDelegate.swift */; };
		E523FEE620BEFCE80022D6CA /* ViewController.swift in Sources */ = {isa = PBXBuildFile; fileRef = E523FEE520BEFCE80022D6CA /* ViewController.swift */; };
		E523FEE920BEFCE80022D6CA /* Main.storyboard in Resources */ = {isa = PBXBuildFile; fileRef = E523FEE720BEFCE80022D6CA /* Main.storyboard */; };
		E523FEEB20BEFCE90022D6CA /* Assets.xcassets in Resources */ = {isa = PBXBuildFile; fileRef = E523FEEA20BEFCE90022D6CA /* Assets.xcassets */; };
		E523FEEE20BEFCE90022D6CA /* LaunchScreen.storyboard in Resources */ = {isa = PBXBuildFile; fileRef = E523FEEC20BEFCE90022D6CA /* LaunchScreen.storyboard */; };
		E523FEF920BEFCE90022D6CA /* MayTermAppTests.swift in Sources */ = {isa = PBXBuildFile; fileRef = E523FEF820BEFCE90022D6CA /* MayTermAppTests.swift */; };
		E523FF0420BEFCEA0022D6CA /* MayTermAppUITests.swift in Sources */ = {isa = PBXBuildFile; fileRef = E523FF0320BEFCEA0022D6CA /* MayTermAppUITests.swift */; };
		F6B19D7AFCAA32FF24A9065A /* Pods_MayTermAppTests.framework in Frameworks */ = {isa = PBXBuildFile; fileRef = 471941D38CCC2415915AA174 /* Pods_MayTermAppTests.framework */; };
/* End PBXBuildFile section */

/* Begin PBXContainerItemProxy section */
		E523FEF520BEFCE90022D6CA /* PBXContainerItemProxy */ = {
			isa = PBXContainerItemProxy;
			containerPortal = E523FED820BEFCE80022D6CA /* Project object */;
			proxyType = 1;
			remoteGlobalIDString = E523FEDF20BEFCE80022D6CA;
			remoteInfo = MayTermApp;
		};
		E523FF0020BEFCEA0022D6CA /* PBXContainerItemProxy */ = {
			isa = PBXContainerItemProxy;
			containerPortal = E523FED820BEFCE80022D6CA /* Project object */;
			proxyType = 1;
			remoteGlobalIDString = E523FEDF20BEFCE80022D6CA;
			remoteInfo = MayTermApp;
		};
/* End PBXContainerItemProxy section */

/* Begin PBXFileReference section */
		2DD267848925D0A02B07505C /* Pods_MayTermApp.framework */ = {isa = PBXFileReference; explicitFileType = wrapper.framework; includeInIndex = 0; path = Pods_MayTermApp.framework; sourceTree = BUILT_PRODUCTS_DIR; };
		4145FE1D33A1D051C993E33E /* Pods-MayTermAppTests.release.xcconfig */ = {isa = PBXFileReference; includeInIndex = 1; lastKnownFileType = text.xcconfig; name = "Pods-MayTermAppTests.release.xcconfig"; path = "Pods/Target Support Files/Pods-MayTermAppTests/Pods-MayTermAppTests.release.xcconfig"; sourceTree = "<group>"; };
		471941D38CCC2415915AA174 /* Pods_MayTermAppTests.framework */ = {isa = PBXFileReference; explicitFileType = wrapper.framework; includeInIndex = 0; path = Pods_MayTermAppTests.framework; sourceTree = BUILT_PRODUCTS_DIR; };
		63115A5DA1DF25F611573FC1 /* Pods-MayTermApp.debug.xcconfig */ = {isa = PBXFileReference; includeInIndex = 1; lastKnownFileType = text.xcconfig; name = "Pods-MayTermApp.debug.xcconfig"; path = "Pods/Target Support Files/Pods-MayTermApp/Pods-MayTermApp.debug.xcconfig"; sourceTree = "<group>"; };
		63719227A0379184838A898D /* Pods-MayTermAppUITests.debug.xcconfig */ = {isa = PBXFileReference; includeInIndex = 1; lastKnownFileType = text.xcconfig; name = "Pods-MayTermAppUITests.debug.xcconfig"; path = "Pods/Target Support Files/Pods-MayTermAppUITests/Pods-MayTermAppUITests.debug.xcconfig"; sourceTree = "<group>"; };
		76C897F64013FA0168964254 /* Pods-MayTermAppTests.debug.xcconfig */ = {isa = PBXFileReference; includeInIndex = 1; lastKnownFileType = text.xcconfig; name = "Pods-MayTermAppTests.debug.xcconfig"; path = "Pods/Target Support Files/Pods-MayTermAppTests/Pods-MayTermAppTests.debug.xcconfig"; sourceTree = "<group>"; };
		910E02B55D8FF4D404863A12 /* Pods-MayTermApp.release.xcconfig */ = {isa = PBXFileReference; includeInIndex = 1; lastKnownFileType = text.xcconfig; name = "Pods-MayTermApp.release.xcconfig"; path = "Pods/Target Support Files/Pods-MayTermApp/Pods-MayTermApp.release.xcconfig"; sourceTree = "<group>"; };
		95B0FE00ACEE540AC2F08489 /* Pods_MayTermAppUITests.framework */ = {isa = PBXFileReference; explicitFileType = wrapper.framework; includeInIndex = 0; path = Pods_MayTermAppUITests.framework; sourceTree = BUILT_PRODUCTS_DIR; };
		E523FEE020BEFCE80022D6CA /* MayTermApp.app */ = {isa = PBXFileReference; explicitFileType = wrapper.application; includeInIndex = 0; path = MayTermApp.app; sourceTree = BUILT_PRODUCTS_DIR; };
		E523FEE320BEFCE80022D6CA /* AppDelegate.swift */ = {isa = PBXFileReference; lastKnownFileType = sourcecode.swift; path = AppDelegate.swift; sourceTree = "<group>"; };
		E523FEE520BEFCE80022D6CA /* ViewController.swift */ = {isa = PBXFileReference; lastKnownFileType = sourcecode.swift; path = ViewController.swift; sourceTree = "<group>"; };
		E523FEE820BEFCE80022D6CA /* Base */ = {isa = PBXFileReference; lastKnownFileType = file.storyboard; name = Base; path = Base.lproj/Main.storyboard; sourceTree = "<group>"; };
		E523FEEA20BEFCE90022D6CA /* Assets.xcassets */ = {isa = PBXFileReference; lastKnownFileType = folder.assetcatalog; path = Assets.xcassets; sourceTree = "<group>"; };
		E523FEED20BEFCE90022D6CA /* Base */ = {isa = PBXFileReference; lastKnownFileType = file.storyboard; name = Base; path = Base.lproj/LaunchScreen.storyboard; sourceTree = "<group>"; };
		E523FEEF20BEFCE90022D6CA /* Info.plist */ = {isa = PBXFileReference; lastKnownFileType = text.plist.xml; path = Info.plist; sourceTree = "<group>"; };
		E523FEF420BEFCE90022D6CA /* MayTermAppTests.xctest */ = {isa = PBXFileReference; explicitFileType = wrapper.cfbundle; includeInIndex = 0; path = MayTermAppTests.xctest; sourceTree = BUILT_PRODUCTS_DIR; };
		E523FEF820BEFCE90022D6CA /* MayTermAppTests.swift */ = {isa = PBXFileReference; lastKnownFileType = sourcecode.swift; path = MayTermAppTests.swift; sourceTree = "<group>"; };
		E523FEFA20BEFCEA0022D6CA /* Info.plist */ = {isa = PBXFileReference; lastKnownFileType = text.plist.xml; path = Info.plist; sourceTree = "<group>"; };
		E523FEFF20BEFCEA0022D6CA /* MayTermAppUITests.xctest */ = {isa = PBXFileReference; explicitFileType = wrapper.cfbundle; includeInIndex = 0; path = MayTermAppUITests.xctest; sourceTree = BUILT_PRODUCTS_DIR; };
		E523FF0320BEFCEA0022D6CA /* MayTermAppUITests.swift */ = {isa = PBXFileReference; lastKnownFileType = sourcecode.swift; path = MayTermAppUITests.swift; sourceTree = "<group>"; };
		E523FF0520BEFCEA0022D6CA /* Info.plist */ = {isa = PBXFileReference; lastKnownFileType = text.plist.xml; path = Info.plist; sourceTree = "<group>"; };
		F439698684A624BFD2748204 /* Pods-MayTermAppUITests.release.xcconfig */ = {isa = PBXFileReference; includeInIndex = 1; lastKnownFileType = text.xcconfig; name = "Pods-MayTermAppUITests.release.xcconfig"; path = "Pods/Target Support Files/Pods-MayTermAppUITests/Pods-MayTermAppUITests.release.xcconfig"; sourceTree = "<group>"; };
/* End PBXFileReference section */

/* Begin PBXFrameworksBuildPhase section */
		E523FEDD20BEFCE80022D6CA /* Frameworks */ = {
			isa = PBXFrameworksBuildPhase;
			buildActionMask = 2147483647;
			files = (
				275B0093032F744B252FD676 /* Pods_MayTermApp.framework in Frameworks */,
			);
			runOnlyForDeploymentPostprocessing = 0;
		};
		E523FEF120BEFCE90022D6CA /* Frameworks */ = {
			isa = PBXFrameworksBuildPhase;
			buildActionMask = 2147483647;
			files = (
				F6B19D7AFCAA32FF24A9065A /* Pods_MayTermAppTests.framework in Frameworks */,
			);
			runOnlyForDeploymentPostprocessing = 0;
		};
		E523FEFC20BEFCEA0022D6CA /* Frameworks */ = {
			isa = PBXFrameworksBuildPhase;
			buildActionMask = 2147483647;
			files = (
				099E824A87B28C1C0CFCC6E2 /* Pods_MayTermAppUITests.framework in Frameworks */,
			);
			runOnlyForDeploymentPostprocessing = 0;
		};
/* End PBXFrameworksBuildPhase section */

/* Begin PBXGroup section */
		40D3095F38D1483B5E90CD44 /* Frameworks */ = {
			isa = PBXGroup;
			children = (
				2DD267848925D0A02B07505C /* Pods_MayTermApp.framework */,
				471941D38CCC2415915AA174 /* Pods_MayTermAppTests.framework */,
				95B0FE00ACEE540AC2F08489 /* Pods_MayTermAppUITests.framework */,
			);
			name = Frameworks;
			sourceTree = "<group>";
		};
		6526AA4153B39F27C5388E4F /* Pods */ = {
			isa = PBXGroup;
			children = (
				63115A5DA1DF25F611573FC1 /* Pods-MayTermApp.debug.xcconfig */,
				910E02B55D8FF4D404863A12 /* Pods-MayTermApp.release.xcconfig */,
				76C897F64013FA0168964254 /* Pods-MayTermAppTests.debug.xcconfig */,
				4145FE1D33A1D051C993E33E /* Pods-MayTermAppTests.release.xcconfig */,
				63719227A0379184838A898D /* Pods-MayTermAppUITests.debug.xcconfig */,
				F439698684A624BFD2748204 /* Pods-MayTermAppUITests.release.xcconfig */,
			);
			name = Pods;
			sourceTree = "<group>";
		};
		E523FED720BEFCE80022D6CA = {
			isa = PBXGroup;
			children = (
				E523FEE220BEFCE80022D6CA /* MayTermApp */,
				E523FEF720BEFCE90022D6CA /* MayTermAppTests */,
				E523FF0220BEFCEA0022D6CA /* MayTermAppUITests */,
				E523FEE120BEFCE80022D6CA /* Products */,
				6526AA4153B39F27C5388E4F /* Pods */,
				40D3095F38D1483B5E90CD44 /* Frameworks */,
			);
			sourceTree = "<group>";
		};
		E523FEE120BEFCE80022D6CA /* Products */ = {
			isa = PBXGroup;
			children = (
				E523FEE020BEFCE80022D6CA /* MayTermApp.app */,
				E523FEF420BEFCE90022D6CA /* MayTermAppTests.xctest */,
				E523FEFF20BEFCEA0022D6CA /* MayTermAppUITests.xctest */,
			);
			name = Products;
			sourceTree = "<group>";
		};
		E523FEE220BEFCE80022D6CA /* MayTermApp */ = {
			isa = PBXGroup;
			children = (
				E523FEE320BEFCE80022D6CA /* AppDelegate.swift */,
				E523FEE520BEFCE80022D6CA /* ViewController.swift */,
				E523FEE720BEFCE80022D6CA /* Main.storyboard */,
				E523FEEA20BEFCE90022D6CA /* Assets.xcassets */,
				E523FEEC20BEFCE90022D6CA /* LaunchScreen.storyboard */,
				E523FEEF20BEFCE90022D6CA /* Info.plist */,
			);
			path = MayTermApp;
			sourceTree = "<group>";
		};
		E523FEF720BEFCE90022D6CA /* MayTermAppTests */ = {
			isa = PBXGroup;
			children = (
				E523FEF820BEFCE90022D6CA /* MayTermAppTests.swift */,
				E523FEFA20BEFCEA0022D6CA /* Info.plist */,
			);
			path = MayTermAppTests;
			sourceTree = "<group>";
		};
		E523FF0220BEFCEA0022D6CA /* MayTermAppUITests */ = {
			isa = PBXGroup;
			children = (
				E523FF0320BEFCEA0022D6CA /* MayTermAppUITests.swift */,
				E523FF0520BEFCEA0022D6CA /* Info.plist */,
			);
			path = MayTermAppUITests;
			sourceTree = "<group>";
		};
/* End PBXGroup section */

/* Begin PBXNativeTarget section */
		E523FEDF20BEFCE80022D6CA /* MayTermApp */ = {
			isa = PBXNativeTarget;
			buildConfigurationList = E523FF0820BEFCEA0022D6CA /* Build configuration list for PBXNativeTarget "MayTermApp" */;
			buildPhases = (
				3850671ED07C388342BDC965 /* [CP] Check Pods Manifest.lock */,
				E523FEDC20BEFCE80022D6CA /* Sources */,
				E523FEDD20BEFCE80022D6CA /* Frameworks */,
				E523FEDE20BEFCE80022D6CA /* Resources */,
				26BB8B6949A13E91AF9A8972 /* [CP] Embed Pods Frameworks */,
			);
			buildRules = (
			);
			dependencies = (
			);
			name = MayTermApp;
			productName = MayTermApp;
			productReference = E523FEE020BEFCE80022D6CA /* MayTermApp.app */;
			productType = "com.apple.product-type.application";
		};
		E523FEF320BEFCE90022D6CA /* MayTermAppTests */ = {
			isa = PBXNativeTarget;
			buildConfigurationList = E523FF0B20BEFCEA0022D6CA /* Build configuration list for PBXNativeTarget "MayTermAppTests" */;
			buildPhases = (
				B0A54FAB630DD8A7A916A64A /* [CP] Check Pods Manifest.lock */,
				E523FEF020BEFCE90022D6CA /* Sources */,
				E523FEF120BEFCE90022D6CA /* Frameworks */,
				E523FEF220BEFCE90022D6CA /* Resources */,
			);
			buildRules = (
			);
			dependencies = (
				E523FEF620BEFCE90022D6CA /* PBXTargetDependency */,
			);
			name = MayTermAppTests;
			productName = MayTermAppTests;
			productReference = E523FEF420BEFCE90022D6CA /* MayTermAppTests.xctest */;
			productType = "com.apple.product-type.bundle.unit-test";
		};
		E523FEFE20BEFCEA0022D6CA /* MayTermAppUITests */ = {
			isa = PBXNativeTarget;
			buildConfigurationList = E523FF0E20BEFCEA0022D6CA /* Build configuration list for PBXNativeTarget "MayTermAppUITests" */;
			buildPhases = (
				380F1AE9E665586774C72F14 /* [CP] Check Pods Manifest.lock */,
				E523FEFB20BEFCEA0022D6CA /* Sources */,
				E523FEFC20BEFCEA0022D6CA /* Frameworks */,
				E523FEFD20BEFCEA0022D6CA /* Resources */,
			);
			buildRules = (
			);
			dependencies = (
				E523FF0120BEFCEA0022D6CA /* PBXTargetDependency */,
			);
			name = MayTermAppUITests;
			productName = MayTermAppUITests;
			productReference = E523FEFF20BEFCEA0022D6CA /* MayTermAppUITests.xctest */;
			productType = "com.apple.product-type.bundle.ui-testing";
		};
/* End PBXNativeTarget section */

/* Begin PBXProject section */
		E523FED820BEFCE80022D6CA /* Project object */ = {
			isa = PBXProject;
			attributes = {
				LastSwiftUpdateCheck = 0930;
				LastUpgradeCheck = 0930;
				ORGANIZATIONNAME = "Walt Boettge";
				TargetAttributes = {
					E523FEDF20BEFCE80022D6CA = {
						CreatedOnToolsVersion = 9.3.1;
					};
					E523FEF320BEFCE90022D6CA = {
						CreatedOnToolsVersion = 9.3.1;
						TestTargetID = E523FEDF20BEFCE80022D6CA;
					};
					E523FEFE20BEFCEA0022D6CA = {
						CreatedOnToolsVersion = 9.3.1;
						TestTargetID = E523FEDF20BEFCE80022D6CA;
					};
				};
			};
			buildConfigurationList = E523FEDB20BEFCE80022D6CA /* Build configuration list for PBXProject "MayTermApp" */;
			compatibilityVersion = "Xcode 9.3";
			developmentRegion = en;
			hasScannedForEncodings = 0;
			knownRegions = (
				en,
				Base,
			);
			mainGroup = E523FED720BEFCE80022D6CA;
			productRefGroup = E523FEE120BEFCE80022D6CA /* Products */;
			projectDirPath = "";
			projectRoot = "";
			targets = (
				E523FEDF20BEFCE80022D6CA /* MayTermApp */,
				E523FEF320BEFCE90022D6CA /* MayTermAppTests */,
				E523FEFE20BEFCEA0022D6CA /* MayTermAppUITests */,
			);
		};
/* End PBXProject section */

/* Begin PBXResourcesBuildPhase section */
		E523FEDE20BEFCE80022D6CA /* Resources */ = {
			isa = PBXResourcesBuildPhase;
			buildActionMask = 2147483647;
			files = (
				E523FEEE20BEFCE90022D6CA /* LaunchScreen.storyboard in Resources */,
				E523FEEB20BEFCE90022D6CA /* Assets.xcassets in Resources */,
				E523FEE920BEFCE80022D6CA /* Main.storyboard in Resources */,
			);
			runOnlyForDeploymentPostprocessing = 0;
		};
		E523FEF220BEFCE90022D6CA /* Resources */ = {
			isa = PBXResourcesBuildPhase;
			buildActionMask = 2147483647;
			files = (
			);
			runOnlyForDeploymentPostprocessing = 0;
		};
		E523FEFD20BEFCEA0022D6CA /* Resources */ = {
			isa = PBXResourcesBuildPhase;
			buildActionMask = 2147483647;
			files = (
			);
			runOnlyForDeploymentPostprocessing = 0;
		};
/* End PBXResourcesBuildPhase section */

/* Begin PBXShellScriptBuildPhase section */
		26BB8B6949A13E91AF9A8972 /* [CP] Embed Pods Frameworks */ = {
			isa = PBXShellScriptBuildPhase;
			buildActionMask = 2147483647;
			files = (
			);
			inputPaths = (
				"${SRCROOT}/Pods/Target Support Files/Pods-MayTermApp/Pods-MayTermApp-frameworks.sh",
				"${BUILT_PRODUCTS_DIR}/SwiftSocket/SwiftSocket.framework",
			);
			name = "[CP] Embed Pods Frameworks";
			outputPaths = (
				"${TARGET_BUILD_DIR}/${FRAMEWORKS_FOLDER_PATH}/SwiftSocket.framework",
			);
			runOnlyForDeploymentPostprocessing = 0;
			shellPath = /bin/sh;
			shellScript = "\"${SRCROOT}/Pods/Target Support Files/Pods-MayTermApp/Pods-MayTermApp-frameworks.sh\"\n";
			showEnvVarsInLog = 0;
		};
		380F1AE9E665586774C72F14 /* [CP] Check Pods Manifest.lock */ = {
			isa = PBXShellScriptBuildPhase;
			buildActionMask = 2147483647;
			files = (
			);
			inputPaths = (
				"${PODS_PODFILE_DIR_PATH}/Podfile.lock",
				"${PODS_ROOT}/Manifest.lock",
			);
			name = "[CP] Check Pods Manifest.lock";
			outputPaths = (
				"$(DERIVED_FILE_DIR)/Pods-MayTermAppUITests-checkManifestLockResult.txt",
			);
			runOnlyForDeploymentPostprocessing = 0;
			shellPath = /bin/sh;
			shellScript = "diff \"${PODS_PODFILE_DIR_PATH}/Podfile.lock\" \"${PODS_ROOT}/Manifest.lock\" > /dev/null\nif [ $? != 0 ] ; then\n    # print error to STDERR\n    echo \"error: The sandbox is not in sync with the Podfile.lock. Run 'pod install' or update your CocoaPods installation.\" >&2\n    exit 1\nfi\n# This output is used by Xcode 'outputs' to avoid re-running this script phase.\necho \"SUCCESS\" > \"${SCRIPT_OUTPUT_FILE_0}\"\n";
			showEnvVarsInLog = 0;
		};
		3850671ED07C388342BDC965 /* [CP] Check Pods Manifest.lock */ = {
			isa = PBXShellScriptBuildPhase;
			buildActionMask = 2147483647;
			files = (
			);
			inputPaths = (
				"${PODS_PODFILE_DIR_PATH}/Podfile.lock",
				"${PODS_ROOT}/Manifest.lock",
			);
			name = "[CP] Check Pods Manifest.lock";
			outputPaths = (
				"$(DERIVED_FILE_DIR)/Pods-MayTermApp-checkManifestLockResult.txt",
			);
			runOnlyForDeploymentPostprocessing = 0;
			shellPath = /bin/sh;
			shellScript = "diff \"${PODS_PODFILE_DIR_PATH}/Podfile.lock\" \"${PODS_ROOT}/Manifest.lock\" > /dev/null\nif [ $? != 0 ] ; then\n    # print error to STDERR\n    echo \"error: The sandbox is not in sync with the Podfile.lock. Run 'pod install' or update your CocoaPods installation.\" >&2\n    exit 1\nfi\n# This output is used by Xcode 'outputs' to avoid re-running this script phase.\necho \"SUCCESS\" > \"${SCRIPT_OUTPUT_FILE_0}\"\n";
			showEnvVarsInLog = 0;
		};
		B0A54FAB630DD8A7A916A64A /* [CP] Check Pods Manifest.lock */ = {
			isa = PBXShellScriptBuildPhase;
			buildActionMask = 2147483647;
			files = (
			);
			inputPaths = (
				"${PODS_PODFILE_DIR_PATH}/Podfile.lock",
				"${PODS_ROOT}/Manifest.lock",
			);
			name = "[CP] Check Pods Manifest.lock";
			outputPaths = (
				"$(DERIVED_FILE_DIR)/Pods-MayTermAppTests-checkManifestLockResult.txt",
			);
			runOnlyForDeploymentPostprocessing = 0;
			shellPath = /bin/sh;
			shellScript = "diff \"${PODS_PODFILE_DIR_PATH}/Podfile.lock\" \"${PODS_ROOT}/Manifest.lock\" > /dev/null\nif [ $? != 0 ] ; then\n    # print error to STDERR\n    echo \"error: The sandbox is not in sync with the Podfile.lock. Run 'pod install' or update your CocoaPods installation.\" >&2\n    exit 1\nfi\n# This output is used by Xcode 'outputs' to avoid re-running this script phase.\necho \"SUCCESS\" > \"${SCRIPT_OUTPUT_FILE_0}\"\n";
			showEnvVarsInLog = 0;
		};
/* End PBXShellScriptBuildPhase section */

/* Begin PBXSourcesBuildPhase section */
		E523FEDC20BEFCE80022D6CA /* Sources */ = {
			isa = PBXSourcesBuildPhase;
			buildActionMask = 2147483647;
			files = (
				E523FEE620BEFCE80022D6CA /* ViewController.swift in Sources */,
				E523FEE420BEFCE80022D6CA /* AppDelegate.swift in Sources */,
			);
			runOnlyForDeploymentPostprocessing = 0;
		};
		E523FEF020BEFCE90022D6CA /* Sources */ = {
			isa = PBXSourcesBuildPhase;
			buildActionMask = 2147483647;
			files = (
				E523FEF920BEFCE90022D6CA /* MayTermAppTests.swift in Sources */,
			);
			runOnlyForDeploymentPostprocessing = 0;
		};
		E523FEFB20BEFCEA0022D6CA /* Sources */ = {
			isa = PBXSourcesBuildPhase;
			buildActionMask = 2147483647;
			files = (
				E523FF0420BEFCEA0022D6CA /* MayTermAppUITests.swift in Sources */,
			);
			runOnlyForDeploymentPostprocessing = 0;
		};
/* End PBXSourcesBuildPhase section */

/* Begin PBXTargetDependency section */
		E523FEF620BEFCE90022D6CA /* PBXTargetDependency */ = {
			isa = PBXTargetDependency;
			target = E523FEDF20BEFCE80022D6CA /* MayTermApp */;
			targetProxy = E523FEF520BEFCE90022D6CA /* PBXContainerItemProxy */;
		};
		E523FF0120BEFCEA0022D6CA /* PBXTargetDependency */ = {
			isa = PBXTargetDependency;
			target = E523FEDF20BEFCE80022D6CA /* MayTermApp */;
			targetProxy = E523FF0020BEFCEA0022D6CA /* PBXContainerItemProxy */;
		};
/* End PBXTargetDependency section */

/* Begin PBXVariantGroup section */
		E523FEE720BEFCE80022D6CA /* Main.storyboard */ = {
			isa = PBXVariantGroup;
			children = (
				E523FEE820BEFCE80022D6CA /* Base */,
			);
			name = Main.storyboard;
			sourceTree = "<group>";
		};
		E523FEEC20BEFCE90022D6CA /* LaunchScreen.storyboard */ = {
			isa = PBXVariantGroup;
			children = (
				E523FEED20BEFCE90022D6CA /* Base */,
			);
			name = LaunchScreen.storyboard;
			sourceTree = "<group>";
		};
/* End PBXVariantGroup section */

/* Begin XCBuildConfiguration section */
		E523FF0620BEFCEA0022D6CA /* Debug */ = {
			isa = XCBuildConfiguration;
			buildSettings = {
				ALWAYS_SEARCH_USER_PATHS = NO;
				CLANG_ANALYZER_NONNULL = YES;
				CLANG_ANALYZER_NUMBER_OBJECT_CONVERSION = YES_AGGRESSIVE;
				CLANG_CXX_LANGUAGE_STANDARD = "gnu++14";
				CLANG_CXX_LIBRARY = "libc++";
				CLANG_ENABLE_MODULES = YES;
				CLANG_ENABLE_OBJC_ARC = YES;
				CLANG_ENABLE_OBJC_WEAK = YES;
				CLANG_WARN_BLOCK_CAPTURE_AUTORELEASING = YES;
				CLANG_WARN_BOOL_CONVERSION = YES;
				CLANG_WARN_COMMA = YES;
				CLANG_WARN_CONSTANT_CONVERSION = YES;
				CLANG_WARN_DEPRECATED_OBJC_IMPLEMENTATIONS = YES;
				CLANG_WARN_DIRECT_OBJC_ISA_USAGE = YES_ERROR;
				CLANG_WARN_DOCUMENTATION_COMMENTS = YES;
				CLANG_WARN_EMPTY_BODY = YES;
				CLANG_WARN_ENUM_CONVERSION = YES;
				CLANG_WARN_INFINITE_RECURSION = YES;
				CLANG_WARN_INT_CONVERSION = YES;
				CLANG_WARN_NON_LITERAL_NULL_CONVERSION = YES;
				CLANG_WARN_OBJC_IMPLICIT_RETAIN_SELF = YES;
				CLANG_WARN_OBJC_LITERAL_CONVERSION = YES;
				CLANG_WARN_OBJC_ROOT_CLASS = YES_ERROR;
				CLANG_WARN_RANGE_LOOP_ANALYSIS = YES;
				CLANG_WARN_STRICT_PROTOTYPES = YES;
				CLANG_WARN_SUSPICIOUS_MOVE = YES;
				CLANG_WARN_UNGUARDED_AVAILABILITY = YES_AGGRESSIVE;
				CLANG_WARN_UNREACHABLE_CODE = YES;
				CLANG_WARN__DUPLICATE_METHOD_MATCH = YES;
				CODE_SIGN_IDENTITY = "iPhone Developer";
				COPY_PHASE_STRIP = NO;
				DEBUG_INFORMATION_FORMAT = dwarf;
				ENABLE_STRICT_OBJC_MSGSEND = YES;
				ENABLE_TESTABILITY = YES;
				GCC_C_LANGUAGE_STANDARD = gnu11;
				GCC_DYNAMIC_NO_PIC = NO;
				GCC_NO_COMMON_BLOCKS = YES;
				GCC_OPTIMIZATION_LEVEL = 0;
				GCC_PREPROCESSOR_DEFINITIONS = (
					"DEBUG=1",
					"$(inherited)",
				);
				GCC_WARN_64_TO_32_BIT_CONVERSION = YES;
				GCC_WARN_ABOUT_RETURN_TYPE = YES_ERROR;
				GCC_WARN_UNDECLARED_SELECTOR = YES;
				GCC_WARN_UNINITIALIZED_AUTOS = YES_AGGRESSIVE;
				GCC_WARN_UNUSED_FUNCTION = YES;
				GCC_WARN_UNUSED_VARIABLE = YES;
				IPHONEOS_DEPLOYMENT_TARGET = 11.3;
				MTL_ENABLE_DEBUG_INFO = YES;
				ONLY_ACTIVE_ARCH = YES;
				SDKROOT = iphoneos;
				SWIFT_ACTIVE_COMPILATION_CONDITIONS = DEBUG;
				SWIFT_OPTIMIZATION_LEVEL = "-Onone";
			};
			name = Debug;
		};
		E523FF0720BEFCEA0022D6CA /* Release */ = {
			isa = XCBuildConfiguration;
			buildSettings = {
				ALWAYS_SEARCH_USER_PATHS = NO;
				CLANG_ANALYZER_NONNULL = YES;
				CLANG_ANALYZER_NUMBER_OBJECT_CONVERSION = YES_AGGRESSIVE;
				CLANG_CXX_LANGUAGE_STANDARD = "gnu++14";
				CLANG_CXX_LIBRARY = "libc++";
				CLANG_ENABLE_MODULES = YES;
				CLANG_ENABLE_OBJC_ARC = YES;
				CLANG_ENABLE_OBJC_WEAK = YES;
				CLANG_WARN_BLOCK_CAPTURE_AUTORELEASING = YES;
				CLANG_WARN_BOOL_CONVERSION = YES;
				CLANG_WARN_COMMA = YES;
				CLANG_WARN_CONSTANT_CONVERSION = YES;
				CLANG_WARN_DEPRECATED_OBJC_IMPLEMENTATIONS = YES;
				CLANG_WARN_DIRECT_OBJC_ISA_USAGE = YES_ERROR;
				CLANG_WARN_DOCUMENTATION_COMMENTS = YES;
				CLANG_WARN_EMPTY_BODY = YES;
				CLANG_WARN_ENUM_CONVERSION = YES;
				CLANG_WARN_INFINITE_RECURSION = YES;
				CLANG_WARN_INT_CONVERSION = YES;
				CLANG_WARN_NON_LITERAL_NULL_CONVERSION = YES;
				CLANG_WARN_OBJC_IMPLICIT_RETAIN_SELF = YES;
				CLANG_WARN_OBJC_LITERAL_CONVERSION = YES;
				CLANG_WARN_OBJC_ROOT_CLASS = YES_ERROR;
				CLANG_WARN_RANGE_LOOP_ANALYSIS = YES;
				CLANG_WARN_STRICT_PROTOTYPES = YES;
				CLANG_WARN_SUSPICIOUS_MOVE = YES;
				CLANG_WARN_UNGUARDED_AVAILABILITY = YES_AGGRESSIVE;
				CLANG_WARN_UNREACHABLE_CODE = YES;
				CLANG_WARN__DUPLICATE_METHOD_MATCH = YES;
				CODE_SIGN_IDENTITY = "iPhone Developer";
				COPY_PHASE_STRIP = NO;
				DEBUG_INFORMATION_FORMAT = "dwarf-with-dsym";
				ENABLE_NS_ASSERTIONS = NO;
				ENABLE_STRICT_OBJC_MSGSEND = YES;
				GCC_C_LANGUAGE_STANDARD = gnu11;
				GCC_NO_COMMON_BLOCKS = YES;
				GCC_WARN_64_TO_32_BIT_CONVERSION = YES;
				GCC_WARN_ABOUT_RETURN_TYPE = YES_ERROR;
				GCC_WARN_UNDECLARED_SELECTOR = YES;
				GCC_WARN_UNINITIALIZED_AUTOS = YES_AGGRESSIVE;
				GCC_WARN_UNUSED_FUNCTION = YES;
				GCC_WARN_UNUSED_VARIABLE = YES;
				IPHONEOS_DEPLOYMENT_TARGET = 11.3;
				MTL_ENABLE_DEBUG_INFO = NO;
				SDKROOT = iphoneos;
				SWIFT_COMPILATION_MODE = wholemodule;
				SWIFT_OPTIMIZATION_LEVEL = "-O";
				VALIDATE_PRODUCT = YES;
			};
			name = Release;
		};
		E523FF0920BEFCEA0022D6CA /* Debug */ = {
			isa = XCBuildConfiguration;
			baseConfigurationReference = 63115A5DA1DF25F611573FC1 /* Pods-MayTermApp.debug.xcconfig */;
			buildSettings = {
				ASSETCATALOG_COMPILER_APPICON_NAME = AppIcon;
				CODE_SIGN_STYLE = Automatic;
				DEVELOPMENT_TEAM = BDJ3V6G9MG;
				INFOPLIST_FILE = MayTermApp/Info.plist;
				LD_RUNPATH_SEARCH_PATHS = (
					"$(inherited)",
					"@executable_path/Frameworks",
				);
				PRODUCT_BUNDLE_IDENTIFIER = "Walt-Boettge.MayTermApp";
				PRODUCT_NAME = "$(TARGET_NAME)";
				SWIFT_VERSION = 4.0;
				TARGETED_DEVICE_FAMILY = "1,2";
			};
			name = Debug;
		};
		E523FF0A20BEFCEA0022D6CA /* Release */ = {
			isa = XCBuildConfiguration;
			baseConfigurationReference = 910E02B55D8FF4D404863A12 /* Pods-MayTermApp.release.xcconfig */;
			buildSettings = {
				ASSETCATALOG_COMPILER_APPICON_NAME = AppIcon;
				CODE_SIGN_STYLE = Automatic;
				DEVELOPMENT_TEAM = BDJ3V6G9MG;
				INFOPLIST_FILE = MayTermApp/Info.plist;
				LD_RUNPATH_SEARCH_PATHS = (
					"$(inherited)",
					"@executable_path/Frameworks",
				);
				PRODUCT_BUNDLE_IDENTIFIER = "Walt-Boettge.MayTermApp";
				PRODUCT_NAME = "$(TARGET_NAME)";
				SWIFT_VERSION = 4.0;
				TARGETED_DEVICE_FAMILY = "1,2";
			};
			name = Release;
		};
		E523FF0C20BEFCEA0022D6CA /* Debug */ = {
			isa = XCBuildConfiguration;
			baseConfigurationReference = 76C897F64013FA0168964254 /* Pods-MayTermAppTests.debug.xcconfig */;
			buildSettings = {
				ALWAYS_EMBED_SWIFT_STANDARD_LIBRARIES = YES;
				BUNDLE_LOADER = "$(TEST_HOST)";
				CODE_SIGN_STYLE = Automatic;
				DEVELOPMENT_TEAM = BDJ3V6G9MG;
				INFOPLIST_FILE = MayTermAppTests/Info.plist;
				LD_RUNPATH_SEARCH_PATHS = (
					"$(inherited)",
					"@executable_path/Frameworks",
					"@loader_path/Frameworks",
				);
				PRODUCT_BUNDLE_IDENTIFIER = "Walt-Boettge.MayTermAppTests";
				PRODUCT_NAME = "$(TARGET_NAME)";
				SWIFT_VERSION = 4.0;
				TARGETED_DEVICE_FAMILY = "1,2";
				TEST_HOST = "$(BUILT_PRODUCTS_DIR)/MayTermApp.app/MayTermApp";
			};
			name = Debug;
		};
		E523FF0D20BEFCEA0022D6CA /* Release */ = {
			isa = XCBuildConfiguration;
			baseConfigurationReference = 4145FE1D33A1D051C993E33E /* Pods-MayTermAppTests.release.xcconfig */;
			buildSettings = {
				ALWAYS_EMBED_SWIFT_STANDARD_LIBRARIES = YES;
				BUNDLE_LOADER = "$(TEST_HOST)";
				CODE_SIGN_STYLE = Automatic;
				DEVELOPMENT_TEAM = BDJ3V6G9MG;
				INFOPLIST_FILE = MayTermAppTests/Info.plist;
				LD_RUNPATH_SEARCH_PATHS = (
					"$(inherited)",
					"@executable_path/Frameworks",
					"@loader_path/Frameworks",
				);
				PRODUCT_BUNDLE_IDENTIFIER = "Walt-Boettge.MayTermAppTests";
				PRODUCT_NAME = "$(TARGET_NAME)";
				SWIFT_VERSION = 4.0;
				TARGETED_DEVICE_FAMILY = "1,2";
				TEST_HOST = "$(BUILT_PRODUCTS_DIR)/MayTermApp.app/MayTermApp";
			};
			name = Release;
		};
		E523FF0F20BEFCEA0022D6CA /* Debug */ = {
			isa = XCBuildConfiguration;
			baseConfigurationReference = 63719227A0379184838A898D /* Pods-MayTermAppUITests.debug.xcconfig */;
			buildSettings = {
				ALWAYS_EMBED_SWIFT_STANDARD_LIBRARIES = YES;
				CODE_SIGN_STYLE = Automatic;
				DEVELOPMENT_TEAM = BDJ3V6G9MG;
				INFOPLIST_FILE = MayTermAppUITests/Info.plist;
				LD_RUNPATH_SEARCH_PATHS = (
					"$(inherited)",
					"@executable_path/Frameworks",
					"@loader_path/Frameworks",
				);
				PRODUCT_BUNDLE_IDENTIFIER = "Walt-Boettge.MayTermAppUITests";
				PRODUCT_NAME = "$(TARGET_NAME)";
				SWIFT_VERSION = 4.0;
				TARGETED_DEVICE_FAMILY = "1,2";
				TEST_TARGET_NAME = MayTermApp;
			};
			name = Debug;
		};
		E523FF1020BEFCEA0022D6CA /* Release */ = {
			isa = XCBuildConfiguration;
			baseConfigurationReference = F439698684A624BFD2748204 /* Pods-MayTermAppUITests.release.xcconfig */;
			buildSettings = {
				ALWAYS_EMBED_SWIFT_STANDARD_LIBRARIES = YES;
				CODE_SIGN_STYLE = Automatic;
				DEVELOPMENT_TEAM = BDJ3V6G9MG;
				INFOPLIST_FILE = MayTermAppUITests/Info.plist;
				LD_RUNPATH_SEARCH_PATHS = (
					"$(inherited)",
					"@executable_path/Frameworks",
					"@loader_path/Frameworks",
				);
				PRODUCT_BUNDLE_IDENTIFIER = "Walt-Boettge.MayTermAppUITests";
				PRODUCT_NAME = "$(TARGET_NAME)";
				SWIFT_VERSION = 4.0;
				TARGETED_DEVICE_FAMILY = "1,2";
				TEST_TARGET_NAME = MayTermApp;
			};
			name = Release;
		};
/* End XCBuildConfiguration section */

/* Begin XCConfigurationList section */
		E523FEDB20BEFCE80022D6CA /* Build configuration list for PBXProject "MayTermApp" */ = {
			isa = XCConfigurationList;
			buildConfigurations = (
				E523FF0620BEFCEA0022D6CA /* Debug */,
				E523FF0720BEFCEA0022D6CA /* Release */,
			);
			defaultConfigurationIsVisible = 0;
			defaultConfigurationName = Release;
		};
		E523FF0820BEFCEA0022D6CA /* Build configuration list for PBXNativeTarget "MayTermApp" */ = {
			isa = XCConfigurationList;
			buildConfigurations = (
				E523FF0920BEFCEA0022D6CA /* Debug */,
				E523FF0A20BEFCEA0022D6CA /* Release */,
			);
			defaultConfigurationIsVisible = 0;
			defaultConfigurationName = Release;
		};
		E523FF0B20BEFCEA0022D6CA /* Build configuration list for PBXNativeTarget "MayTermAppTests" */ = {
			isa = XCConfigurationList;
			buildConfigurations = (
				E523FF0C20BEFCEA0022D6CA /* Debug */,
				E523FF0D20BEFCEA0022D6CA /* Release */,
			);
			defaultConfigurationIsVisible = 0;
			defaultConfigurationName = Release;
		};
		E523FF0E20BEFCEA0022D6CA /* Build configuration list for PBXNativeTarget "MayTermAppUITests" */ = {
			isa = XCConfigurationList;
			buildConfigurations = (
				E523FF0F20BEFCEA0022D6CA /* Debug */,
				E523FF1020BEFCEA0022D6CA /* Release */,
			);
			defaultConfigurationIsVisible = 0;
			defaultConfigurationName = Release;
		};
/* End XCConfigurationList section */
	};
	rootObject = E523FED820BEFCE80022D6CA /* Project object */;
}
